
Microsoft Visual Studio Solution File, Format Version 12.00
# Visual Studio Version 16
VisualStudioVersion = 16.0.30523.141
MinimumVisualStudioVersion = 10.0.40219.1
Project("{FAE04EC0-301F-11D3-BF4B-00C04F79EFBC}") = "LiskovRefactor", "LiskovRefactor\LiskovRefactor.csproj", "{91C4AA2C-F987-4386-A50B-69DAD16BC13D}"
EndProject
Project("{FAE04EC0-301F-11D3-BF4B-00C04F79EFBC}") = "InterfaceSegregation", "InterfaceSegregation\InterfaceSegregation.csproj", "{5ADAB4CE-7D14-45E3-AE24-C0C546F768BB}"
EndProject
Global
	GlobalSection(SolutionConfigurationPlatforms) = preSolution
		Debug|Any CPU = Debug|Any CPU
		Release|Any CPU = Release|Any CPU
	EndGlobalSection
	GlobalSection(ProjectConfigurationPlatforms) = postSolution
		{91C4AA2C-F987-4386-A50B-69DAD16BC13D}.Debug|Any CPU.ActiveCfg = Debug|Any CPU
		{91C4AA2C-F987-4386-A50B-69DAD16BC13D}.Debug|Any CPU.Build.0 = Debug|Any CPU
		{91C4AA2C-F987-4386-A50B-69DAD16BC13D}.Release|Any CPU.ActiveCfg = Release|Any CPU
		{91C4AA2C-F987-4386-A50B-69DAD16BC13D}.Release|Any CPU.Build.0 = Release|Any CPU
		{5ADAB4CE-7D14-45E3-AE24-C0C546F768BB}.Debug|Any CPU.ActiveCfg = Debug|Any CPU
		{5ADAB4CE-7D14-45E3-AE24-C0C546F768BB}.Debug|Any CPU.Build.0 = Debug|Any CPU
		{5ADAB4CE-7D14-45E3-AE24-C0C546F768BB}.Release|Any CPU.ActiveCfg = Release|Any CPU
		{5ADAB4CE-7D14-45E3-AE24-C0C546F768BB}.Release|Any CPU.Build.0 = Release|Any CPU
	EndGlobalSection
	GlobalSection(SolutionProperties) = preSolution
		HideSolutionNode = FALSE
	EndGlobalSection
	GlobalSection(ExtensibilityGlobals) = postSolution
		SolutionGuid = {7CCC5DAA-A195-429D-87C9-F1E3F5E33891}
	EndGlobalSection
EndGlobal
