
Microsoft Visual Studio Solution File, Format Version 12.00
# Visual Studio Version 16
VisualStudioVersion = 16.0.30523.141
MinimumVisualStudioVersion = 10.0.40219.1
Project("{FAE04EC0-301F-11D3-BF4B-00C04F79EFBC}") = "DependencyInversion", "DependencyInversion\DependencyInversion.csproj", "{0C803373-BA42-4A1E-991A-C08BED2D95E1}"
EndProject
Global
	GlobalSection(SolutionConfigurationPlatforms) = preSolution
		Debug|Any CPU = Debug|Any CPU
		Release|Any CPU = Release|Any CPU
	EndGlobalSection
	GlobalSection(ProjectConfigurationPlatforms) = postSolution
		{0C803373-BA42-4A1E-991A-C08BED2D95E1}.Debug|Any CPU.ActiveCfg = Debug|Any CPU
		{0C803373-BA42-4A1E-991A-C08BED2D95E1}.Debug|Any CPU.Build.0 = Debug|Any CPU
		{0C803373-BA42-4A1E-991A-C08BED2D95E1}.Release|Any CPU.ActiveCfg = Release|Any CPU
		{0C803373-BA42-4A1E-991A-C08BED2D95E1}.Release|Any CPU.Build.0 = Release|Any CPU
	EndGlobalSection
	GlobalSection(SolutionProperties) = preSolution
		HideSolutionNode = FALSE
	EndGlobalSection
	GlobalSection(ExtensibilityGlobals) = postSolution
		SolutionGuid = {B91FA900-6D15-4D35-880B-01B31F369B24}
	EndGlobalSection
EndGlobal
