
Microsoft Visual Studio Solution File, Format Version 12.00
# Visual Studio Version 16
VisualStudioVersion = 16.0.30523.141
MinimumVisualStudioVersion = 10.0.40219.1
Project("{FAE04EC0-301F-11D3-BF4B-00C04F79EFBC}") = "InterfaceSegregationRefactor", "InterfaceSegregationRefactor\InterfaceSegregationRefactor.csproj", "{49676574-CEDE-4440-AE21-752F6E1BADC3}"
EndProject
Global
	GlobalSection(SolutionConfigurationPlatforms) = preSolution
		Debug|Any CPU = Debug|Any CPU
		Release|Any CPU = Release|Any CPU
	EndGlobalSection
	GlobalSection(ProjectConfigurationPlatforms) = postSolution
		{49676574-CEDE-4440-AE21-752F6E1BADC3}.Debug|Any CPU.ActiveCfg = Debug|Any CPU
		{49676574-CEDE-4440-AE21-752F6E1BADC3}.Debug|Any CPU.Build.0 = Debug|Any CPU
		{49676574-CEDE-4440-AE21-752F6E1BADC3}.Release|Any CPU.ActiveCfg = Release|Any CPU
		{49676574-CEDE-4440-AE21-752F6E1BADC3}.Release|Any CPU.Build.0 = Release|Any CPU
	EndGlobalSection
	GlobalSection(SolutionProperties) = preSolution
		HideSolutionNode = FALSE
	EndGlobalSection
	GlobalSection(ExtensibilityGlobals) = postSolution
		SolutionGuid = {5098F79E-AD20-4F47-BB2B-01BDEEA482CF}
	EndGlobalSection
EndGlobal
